
Microsoft Visual Studio Solution File, Format Version 12.00
# Visual Studio Version 16
VisualStudioVersion = 16.0.31424.327
MinimumVisualStudioVersion = 10.0.40219.1
Project("{FAE04EC0-301F-11D3-BF4B-00C04F79EFBC}") = "AngularAspNetAPIElasticsearch", "AngularAspNetAPIElasticsearch\AngularAspNetAPIElasticsearch.csproj", "{7B6A8D75-830A-4AD6-8454-C0FF6794CAFA}"
EndProject
Global
	GlobalSection(SolutionConfigurationPlatforms) = preSolution
		Debug|Any CPU = Debug|Any CPU
		Release|Any CPU = Release|Any CPU
	EndGlobalSection
	GlobalSection(ProjectConfigurationPlatforms) = postSolution
		{7B6A8D75-830A-4AD6-8454-C0FF6794CAFA}.Debug|Any CPU.ActiveCfg = Debug|Any CPU
		{7B6A8D75-830A-4AD6-8454-C0FF6794CAFA}.Debug|Any CPU.Build.0 = Debug|Any CPU
		{7B6A8D75-830A-4AD6-8454-C0FF6794CAFA}.Release|Any CPU.ActiveCfg = Release|Any CPU
		{7B6A8D75-830A-4AD6-8454-C0FF6794CAFA}.Release|Any CPU.Build.0 = Release|Any CPU
	EndGlobalSection
	GlobalSection(SolutionProperties) = preSolution
		HideSolutionNode = FALSE
	EndGlobalSection
	GlobalSection(ExtensibilityGlobals) = postSolution
		SolutionGuid = {B7E02962-8959-4659-A48B-02F45842C953}
	EndGlobalSection
EndGlobal
